
Microsoft Visual Studio Solution File, Format Version 12.00
# Visual Studio Version 17
VisualStudioVersion = 17.4.33213.308
MinimumVisualStudioVersion = 10.0.40219.1
Project("{8BC9CEB8-8B4A-11D0-8D11-00A0C91BC942}") = "HW1-JoeGonzalez", "HW1-JoeGonzalez\HW1-JoeGonzalez.vcxproj", "{E1408A70-7B24-4F57-B5C3-86773FD3CACB}"
EndProject
Global
	GlobalSection(SolutionConfigurationPlatforms) = preSolution
		Debug|x64 = Debug|x64
		Release|x64 = Release|x64
	EndGlobalSection
	GlobalSection(ProjectConfigurationPlatforms) = postSolution
		{E1408A70-7B24-4F57-B5C3-86773FD3CACB}.Debug|x64.ActiveCfg = Debug|x64
		{E1408A70-7B24-4F57-B5C3-86773FD3CACB}.Debug|x64.Build.0 = Debug|x64
		{E1408A70-7B24-4F57-B5C3-86773FD3CACB}.Release|x64.ActiveCfg = Release|x64
		{E1408A70-7B24-4F57-B5C3-86773FD3CACB}.Release|x64.Build.0 = Release|x64
	EndGlobalSection
	GlobalSection(SolutionProperties) = preSolution
		HideSolutionNode = FALSE
	EndGlobalSection
	GlobalSection(ExtensibilityGlobals) = postSolution
		SolutionGuid = {A28CEAEF-58FD-4591-974E-C0B8C5DA1CD9}
	EndGlobalSection
EndGlobal
